
Microsoft Visual Studio Solution File, Format Version 12.00
# Visual Studio Version 17
VisualStudioVersion = 17.4.33122.133
MinimumVisualStudioVersion = 10.0.40219.1
Project("{9A19103F-16F7-4668-BE54-9A1E7A4F7556}") = "StratusApp", "StratusApp\StratusApp.csproj", "{296BF8CD-1A04-42E9-923E-93C1D479E605}"
EndProject
Project("{FAE04EC0-301F-11D3-BF4B-00C04F79EFBC}") = "MonitoringClient", "MonitoringClient\MonitoringClient.csproj", "{CDC50C6F-3316-456A-A569-5CE918203699}"
EndProject
Project("{FAE04EC0-301F-11D3-BF4B-00C04F79EFBC}") = "CloudApiClient", "CloudApiClient\CloudApiClient.csproj", "{A74B3918-D57A-46F9-9A22-3F6474112DDC}"
EndProject
Global
	GlobalSection(SolutionConfigurationPlatforms) = preSolution
		Debug|Any CPU = Debug|Any CPU
		Release|Any CPU = Release|Any CPU
	EndGlobalSection
	GlobalSection(ProjectConfigurationPlatforms) = postSolution
		{296BF8CD-1A04-42E9-923E-93C1D479E605}.Debug|Any CPU.ActiveCfg = Debug|Any CPU
		{296BF8CD-1A04-42E9-923E-93C1D479E605}.Debug|Any CPU.Build.0 = Debug|Any CPU
		{296BF8CD-1A04-42E9-923E-93C1D479E605}.Release|Any CPU.ActiveCfg = Release|Any CPU
		{296BF8CD-1A04-42E9-923E-93C1D479E605}.Release|Any CPU.Build.0 = Release|Any CPU
		{CDC50C6F-3316-456A-A569-5CE918203699}.Debug|Any CPU.ActiveCfg = Debug|Any CPU
		{CDC50C6F-3316-456A-A569-5CE918203699}.Debug|Any CPU.Build.0 = Debug|Any CPU
		{CDC50C6F-3316-456A-A569-5CE918203699}.Release|Any CPU.ActiveCfg = Release|Any CPU
		{CDC50C6F-3316-456A-A569-5CE918203699}.Release|Any CPU.Build.0 = Release|Any CPU
		{A74B3918-D57A-46F9-9A22-3F6474112DDC}.Debug|Any CPU.ActiveCfg = Debug|Any CPU
		{A74B3918-D57A-46F9-9A22-3F6474112DDC}.Debug|Any CPU.Build.0 = Debug|Any CPU
		{A74B3918-D57A-46F9-9A22-3F6474112DDC}.Release|Any CPU.ActiveCfg = Release|Any CPU
		{A74B3918-D57A-46F9-9A22-3F6474112DDC}.Release|Any CPU.Build.0 = Release|Any CPU
	EndGlobalSection
	GlobalSection(SolutionProperties) = preSolution
		HideSolutionNode = FALSE
	EndGlobalSection
	GlobalSection(ExtensibilityGlobals) = postSolution
		SolutionGuid = {0F91D2F5-77AC-4FCA-921E-1166D39F3F37}
	EndGlobalSection
EndGlobal
